{
  "name": "exercise3",
  "version": "1.0.0",
  "lockfileVersion": 3,
  "requires": true,
  "packages": {
    "": {
      "name": "exercise3",
      "version": "1.0.0",
      "license": "MIT",
      "dependencies": {
        "exercise3": "file:"
      }
    },
    "node_modules/exercise3": {
      "resolved": "",
      "link": true
    }
  }
}
